dependencies:
- name: nfs-server-provisioner
  repository: https://kubernetes-charts.storage.googleapis.com
  version: 0.3.0
- name: brigade
  repository: https://brigadecore.github.io/charts
  version: 1.3.1
digest: sha256:2853657210e3386e7acd5750b04e20c77b9a46dd7d0a84c383951a60a4ee2ee5
generated: "2019-10-30T15:59:21.194369-04:00"
